
Microsoft Visual Studio Solution File, Format Version 12.00
# Visual Studio 2012
Project("{8BC9CEB8-8B4A-11D0-8D11-00A0C91BC942}") = "observer", "observer\observer.vcxproj", "{BC7ED0F1-B18F-487D-9FAA-96A35C9E2001}"
EndProject
Global
	GlobalSection(SolutionConfigurationPlatforms) = preSolution
		Debug|Win32 = Debug|Win32
		Release|Win32 = Release|Win32
	EndGlobalSection
	GlobalSection(ProjectConfigurationPlatforms) = postSolution
		{BC7ED0F1-B18F-487D-9FAA-96A35C9E2001}.Debug|Win32.ActiveCfg = Debug|Win32
		{BC7ED0F1-B18F-487D-9FAA-96A35C9E2001}.Debug|Win32.Build.0 = Debug|Win32
		{BC7ED0F1-B18F-487D-9FAA-96A35C9E2001}.Release|Win32.ActiveCfg = Release|Win32
		{BC7ED0F1-B18F-487D-9FAA-96A35C9E2001}.Release|Win32.Build.0 = Release|Win32
	EndGlobalSection
	GlobalSection(SolutionProperties) = preSolution
		HideSolutionNode = FALSE
	EndGlobalSection
EndGlobal
